
Microsoft Visual Studio Solution File, Format Version 12.00
# Visual Studio 15
VisualStudioVersion = 15.0.27130.2027
MinimumVisualStudioVersion = 10.0.40219.1
Project("{9A19103F-16F7-4668-BE54-9A1E7A4F7556}") = "Day7Solution", "AdventOfCode2017\Day7Solution.csproj", "{5F85E9DB-1C84-4671-9877-499CFE38AF0F}"
EndProject
Project("{9A19103F-16F7-4668-BE54-9A1E7A4F7556}") = "Day8Solution", "Day8Solution\Day8Solution.csproj", "{88364C15-9483-4717-9C29-B562EFE5028C}"
EndProject
Project("{9A19103F-16F7-4668-BE54-9A1E7A4F7556}") = "Day9Solution", "Day9Solution\Day9Solution.csproj", "{5EE67367-4F41-4947-9C14-9E04DC190311}"
EndProject
Project("{9A19103F-16F7-4668-BE54-9A1E7A4F7556}") = "Day10Solution", "Day10Solution\Day10Solution.csproj", "{E88388F7-7377-412E-9F58-C6ED8972B761}"
EndProject
Project("{9A19103F-16F7-4668-BE54-9A1E7A4F7556}") = "Day11Solution", "Day11Solution\Day11Solution.csproj", "{AAD7AF0F-A12A-492B-AD1B-F886B0C37163}"
EndProject
Project("{9A19103F-16F7-4668-BE54-9A1E7A4F7556}") = "Day12Solution", "Day12Solution\Day12Solution.csproj", "{23A651BE-802F-4C43-81D4-2A24DFF039C5}"
EndProject
Project("{9092AA53-FB77-4645-B42D-1CCCA6BD08BD}") = "Day1Solution", "Day1Solution\Day1Solution.njsproj", "{C585FC6B-BD08-4642-80E1-6C29511E44F0}"
EndProject
Project("{9A19103F-16F7-4668-BE54-9A1E7A4F7556}") = "Day13Solution", "Day13Solution\Day13Solution.csproj", "{DAC4918C-A4A9-4A60-8FB6-102A9546EF71}"
EndProject
Project("{9A19103F-16F7-4668-BE54-9A1E7A4F7556}") = "Day2Solution", "Day2Solution\Day2Solution.csproj", "{9D074001-4485-42AF-8968-091C18AF5229}"
EndProject
Project("{9A19103F-16F7-4668-BE54-9A1E7A4F7556}") = "Day3Solution", "Day3Solution\Day3Solution.csproj", "{00B79251-ABC2-4338-B8AC-1DCC937A70B0}"
EndProject
Project("{9A19103F-16F7-4668-BE54-9A1E7A4F7556}") = "Day4Solution", "Day4Solution\Day4Solution.csproj", "{8D266487-5D2B-416B-84D7-D858B062CD81}"
EndProject
Project("{9A19103F-16F7-4668-BE54-9A1E7A4F7556}") = "Day5Solution", "Day5Solution\Day5Solution.csproj", "{D3637289-0667-4055-A5EF-7528A8AABFF7}"
EndProject
Project("{9A19103F-16F7-4668-BE54-9A1E7A4F7556}") = "Day14Solution", "Day14Solution\Day14Solution.csproj", "{1C338056-824E-411C-860C-1EC400078872}"
EndProject
Project("{9A19103F-16F7-4668-BE54-9A1E7A4F7556}") = "Day15Solution", "Day15Solution\Day15Solution.csproj", "{4E85D972-BD0B-4F5F-B2AE-981F672453F4}"
EndProject
Project("{9A19103F-16F7-4668-BE54-9A1E7A4F7556}") = "Day16Solution", "Day16Solution\Day16Solution.csproj", "{6C83AACE-D7C8-4042-A9B1-5500CD5E1FAF}"
EndProject
Project("{9A19103F-16F7-4668-BE54-9A1E7A4F7556}") = "Day17Solution", "Day17Solution\Day17Solution.csproj", "{2026E58D-B49C-4C60-B5AB-B40C753F57DA}"
EndProject
Project("{9A19103F-16F7-4668-BE54-9A1E7A4F7556}") = "Day18Solution", "Day18Solution\Day18Solution.csproj", "{0FDCAFFB-82FA-428C-AB1F-9C1C868199AC}"
EndProject
Project("{9A19103F-16F7-4668-BE54-9A1E7A4F7556}") = "Day19Solution", "Day19Solution\Day19Solution.csproj", "{F6E80F20-4348-400A-98FE-A13F9637BD34}"
EndProject
Project("{9A19103F-16F7-4668-BE54-9A1E7A4F7556}") = "Day20Solution", "Day20Solution\Day20Solution.csproj", "{47E190C9-6E74-4595-B74A-470A4D0F7423}"
EndProject
Project("{9A19103F-16F7-4668-BE54-9A1E7A4F7556}") = "Day21Solution", "Day21Solution\Day21Solution.csproj", "{58603E36-3117-4150-A827-C149FDAD8DFE}"
EndProject
Project("{9A19103F-16F7-4668-BE54-9A1E7A4F7556}") = "Day22Solution", "Day22Solution\Day22Solution.csproj", "{DE3E40A5-D6FD-44DF-9061-6871528AF88B}"
EndProject
Project("{FAE04EC0-301F-11D3-BF4B-00C04F79EFBC}") = "Day23Solution", "Day23Solution\Day23Solution.csproj", "{F31E7F7C-1869-47AB-8723-F38AB3A51B53}"
EndProject
Global
	GlobalSection(SolutionConfigurationPlatforms) = preSolution
		Debug|Any CPU = Debug|Any CPU
		Release|Any CPU = Release|Any CPU
	EndGlobalSection
	GlobalSection(ProjectConfigurationPlatforms) = postSolution
		{5F85E9DB-1C84-4671-9877-499CFE38AF0F}.Debug|Any CPU.ActiveCfg = Debug|Any CPU
		{5F85E9DB-1C84-4671-9877-499CFE38AF0F}.Debug|Any CPU.Build.0 = Debug|Any CPU
		{5F85E9DB-1C84-4671-9877-499CFE38AF0F}.Release|Any CPU.ActiveCfg = Release|Any CPU
		{5F85E9DB-1C84-4671-9877-499CFE38AF0F}.Release|Any CPU.Build.0 = Release|Any CPU
		{88364C15-9483-4717-9C29-B562EFE5028C}.Debug|Any CPU.ActiveCfg = Debug|Any CPU
		{88364C15-9483-4717-9C29-B562EFE5028C}.Debug|Any CPU.Build.0 = Debug|Any CPU
		{88364C15-9483-4717-9C29-B562EFE5028C}.Release|Any CPU.ActiveCfg = Release|Any CPU
		{88364C15-9483-4717-9C29-B562EFE5028C}.Release|Any CPU.Build.0 = Release|Any CPU
		{5EE67367-4F41-4947-9C14-9E04DC190311}.Debug|Any CPU.ActiveCfg = Debug|Any CPU
		{5EE67367-4F41-4947-9C14-9E04DC190311}.Debug|Any CPU.Build.0 = Debug|Any CPU
		{5EE67367-4F41-4947-9C14-9E04DC190311}.Release|Any CPU.ActiveCfg = Release|Any CPU
		{5EE67367-4F41-4947-9C14-9E04DC190311}.Release|Any CPU.Build.0 = Release|Any CPU
		{E88388F7-7377-412E-9F58-C6ED8972B761}.Debug|Any CPU.ActiveCfg = Debug|Any CPU
		{E88388F7-7377-412E-9F58-C6ED8972B761}.Debug|Any CPU.Build.0 = Debug|Any CPU
		{E88388F7-7377-412E-9F58-C6ED8972B761}.Release|Any CPU.ActiveCfg = Release|Any CPU
		{E88388F7-7377-412E-9F58-C6ED8972B761}.Release|Any CPU.Build.0 = Release|Any CPU
		{AAD7AF0F-A12A-492B-AD1B-F886B0C37163}.Debug|Any CPU.ActiveCfg = Debug|Any CPU
		{AAD7AF0F-A12A-492B-AD1B-F886B0C37163}.Debug|Any CPU.Build.0 = Debug|Any CPU
		{AAD7AF0F-A12A-492B-AD1B-F886B0C37163}.Release|Any CPU.ActiveCfg = Release|Any CPU
		{AAD7AF0F-A12A-492B-AD1B-F886B0C37163}.Release|Any CPU.Build.0 = Release|Any CPU
		{23A651BE-802F-4C43-81D4-2A24DFF039C5}.Debug|Any CPU.ActiveCfg = Debug|Any CPU
		{23A651BE-802F-4C43-81D4-2A24DFF039C5}.Debug|Any CPU.Build.0 = Debug|Any CPU
		{23A651BE-802F-4C43-81D4-2A24DFF039C5}.Release|Any CPU.ActiveCfg = Release|Any CPU
		{23A651BE-802F-4C43-81D4-2A24DFF039C5}.Release|Any CPU.Build.0 = Release|Any CPU
		{C585FC6B-BD08-4642-80E1-6C29511E44F0}.Debug|Any CPU.ActiveCfg = Debug|Any CPU
		{C585FC6B-BD08-4642-80E1-6C29511E44F0}.Debug|Any CPU.Build.0 = Debug|Any CPU
		{C585FC6B-BD08-4642-80E1-6C29511E44F0}.Release|Any CPU.ActiveCfg = Release|Any CPU
		{C585FC6B-BD08-4642-80E1-6C29511E44F0}.Release|Any CPU.Build.0 = Release|Any CPU
		{DAC4918C-A4A9-4A60-8FB6-102A9546EF71}.Debug|Any CPU.ActiveCfg = Debug|Any CPU
		{DAC4918C-A4A9-4A60-8FB6-102A9546EF71}.Debug|Any CPU.Build.0 = Debug|Any CPU
		{DAC4918C-A4A9-4A60-8FB6-102A9546EF71}.Release|Any CPU.ActiveCfg = Release|Any CPU
		{DAC4918C-A4A9-4A60-8FB6-102A9546EF71}.Release|Any CPU.Build.0 = Release|Any CPU
		{9D074001-4485-42AF-8968-091C18AF5229}.Debug|Any CPU.ActiveCfg = Debug|Any CPU
		{9D074001-4485-42AF-8968-091C18AF5229}.Debug|Any CPU.Build.0 = Debug|Any CPU
		{9D074001-4485-42AF-8968-091C18AF5229}.Release|Any CPU.ActiveCfg = Release|Any CPU
		{9D074001-4485-42AF-8968-091C18AF5229}.Release|Any CPU.Build.0 = Release|Any CPU
		{00B79251-ABC2-4338-B8AC-1DCC937A70B0}.Debug|Any CPU.ActiveCfg = Debug|Any CPU
		{00B79251-ABC2-4338-B8AC-1DCC937A70B0}.Debug|Any CPU.Build.0 = Debug|Any CPU
		{00B79251-ABC2-4338-B8AC-1DCC937A70B0}.Release|Any CPU.ActiveCfg = Release|Any CPU
		{00B79251-ABC2-4338-B8AC-1DCC937A70B0}.Release|Any CPU.Build.0 = Release|Any CPU
		{8D266487-5D2B-416B-84D7-D858B062CD81}.Debug|Any CPU.ActiveCfg = Debug|Any CPU
		{8D266487-5D2B-416B-84D7-D858B062CD81}.Debug|Any CPU.Build.0 = Debug|Any CPU
		{8D266487-5D2B-416B-84D7-D858B062CD81}.Release|Any CPU.ActiveCfg = Release|Any CPU
		{8D266487-5D2B-416B-84D7-D858B062CD81}.Release|Any CPU.Build.0 = Release|Any CPU
		{D3637289-0667-4055-A5EF-7528A8AABFF7}.Debug|Any CPU.ActiveCfg = Debug|Any CPU
		{D3637289-0667-4055-A5EF-7528A8AABFF7}.Debug|Any CPU.Build.0 = Debug|Any CPU
		{D3637289-0667-4055-A5EF-7528A8AABFF7}.Release|Any CPU.ActiveCfg = Release|Any CPU
		{D3637289-0667-4055-A5EF-7528A8AABFF7}.Release|Any CPU.Build.0 = Release|Any CPU
		{1C338056-824E-411C-860C-1EC400078872}.Debug|Any CPU.ActiveCfg = Debug|Any CPU
		{1C338056-824E-411C-860C-1EC400078872}.Debug|Any CPU.Build.0 = Debug|Any CPU
		{1C338056-824E-411C-860C-1EC400078872}.Release|Any CPU.ActiveCfg = Release|Any CPU
		{1C338056-824E-411C-860C-1EC400078872}.Release|Any CPU.Build.0 = Release|Any CPU
		{4E85D972-BD0B-4F5F-B2AE-981F672453F4}.Debug|Any CPU.ActiveCfg = Debug|Any CPU
		{4E85D972-BD0B-4F5F-B2AE-981F672453F4}.Debug|Any CPU.Build.0 = Debug|Any CPU
		{4E85D972-BD0B-4F5F-B2AE-981F672453F4}.Release|Any CPU.ActiveCfg = Release|Any CPU
		{4E85D972-BD0B-4F5F-B2AE-981F672453F4}.Release|Any CPU.Build.0 = Release|Any CPU
		{6C83AACE-D7C8-4042-A9B1-5500CD5E1FAF}.Debug|Any CPU.ActiveCfg = Debug|Any CPU
		{6C83AACE-D7C8-4042-A9B1-5500CD5E1FAF}.Debug|Any CPU.Build.0 = Debug|Any CPU
		{6C83AACE-D7C8-4042-A9B1-5500CD5E1FAF}.Release|Any CPU.ActiveCfg = Release|Any CPU
		{6C83AACE-D7C8-4042-A9B1-5500CD5E1FAF}.Release|Any CPU.Build.0 = Release|Any CPU
		{2026E58D-B49C-4C60-B5AB-B40C753F57DA}.Debug|Any CPU.ActiveCfg = Debug|Any CPU
		{2026E58D-B49C-4C60-B5AB-B40C753F57DA}.Debug|Any CPU.Build.0 = Debug|Any CPU
		{2026E58D-B49C-4C60-B5AB-B40C753F57DA}.Release|Any CPU.ActiveCfg = Release|Any CPU
		{2026E58D-B49C-4C60-B5AB-B40C753F57DA}.Release|Any CPU.Build.0 = Release|Any CPU
		{0FDCAFFB-82FA-428C-AB1F-9C1C868199AC}.Debug|Any CPU.ActiveCfg = Debug|Any CPU
		{0FDCAFFB-82FA-428C-AB1F-9C1C868199AC}.Debug|Any CPU.Build.0 = Debug|Any CPU
		{0FDCAFFB-82FA-428C-AB1F-9C1C868199AC}.Release|Any CPU.ActiveCfg = Release|Any CPU
		{0FDCAFFB-82FA-428C-AB1F-9C1C868199AC}.Release|Any CPU.Build.0 = Release|Any CPU
		{F6E80F20-4348-400A-98FE-A13F9637BD34}.Debug|Any CPU.ActiveCfg = Debug|Any CPU
		{F6E80F20-4348-400A-98FE-A13F9637BD34}.Debug|Any CPU.Build.0 = Debug|Any CPU
		{F6E80F20-4348-400A-98FE-A13F9637BD34}.Release|Any CPU.ActiveCfg = Release|Any CPU
		{F6E80F20-4348-400A-98FE-A13F9637BD34}.Release|Any CPU.Build.0 = Release|Any CPU
		{47E190C9-6E74-4595-B74A-470A4D0F7423}.Debug|Any CPU.ActiveCfg = Debug|Any CPU
		{47E190C9-6E74-4595-B74A-470A4D0F7423}.Debug|Any CPU.Build.0 = Debug|Any CPU
		{47E190C9-6E74-4595-B74A-470A4D0F7423}.Release|Any CPU.ActiveCfg = Release|Any CPU
		{47E190C9-6E74-4595-B74A-470A4D0F7423}.Release|Any CPU.Build.0 = Release|Any CPU
		{58603E36-3117-4150-A827-C149FDAD8DFE}.Debug|Any CPU.ActiveCfg = Debug|Any CPU
		{58603E36-3117-4150-A827-C149FDAD8DFE}.Debug|Any CPU.Build.0 = Debug|Any CPU
		{58603E36-3117-4150-A827-C149FDAD8DFE}.Release|Any CPU.ActiveCfg = Release|Any CPU
		{58603E36-3117-4150-A827-C149FDAD8DFE}.Release|Any CPU.Build.0 = Release|Any CPU
		{DE3E40A5-D6FD-44DF-9061-6871528AF88B}.Debug|Any CPU.ActiveCfg = Debug|Any CPU
		{DE3E40A5-D6FD-44DF-9061-6871528AF88B}.Debug|Any CPU.Build.0 = Debug|Any CPU
		{DE3E40A5-D6FD-44DF-9061-6871528AF88B}.Release|Any CPU.ActiveCfg = Release|Any CPU
		{DE3E40A5-D6FD-44DF-9061-6871528AF88B}.Release|Any CPU.Build.0 = Release|Any CPU
		{F31E7F7C-1869-47AB-8723-F38AB3A51B53}.Debug|Any CPU.ActiveCfg = Debug|Any CPU
		{F31E7F7C-1869-47AB-8723-F38AB3A51B53}.Debug|Any CPU.Build.0 = Debug|Any CPU
		{F31E7F7C-1869-47AB-8723-F38AB3A51B53}.Release|Any CPU.ActiveCfg = Release|Any CPU
		{F31E7F7C-1869-47AB-8723-F38AB3A51B53}.Release|Any CPU.Build.0 = Release|Any CPU
	EndGlobalSection
	GlobalSection(SolutionProperties) = preSolution
		HideSolutionNode = FALSE
	EndGlobalSection
	GlobalSection(ExtensibilityGlobals) = postSolution
		SolutionGuid = {13C034C1-2AF3-4BAE-BEEF-BCA07C553A18}
	EndGlobalSection
EndGlobal
