
Microsoft Visual Studio Solution File, Format Version 12.00
# Visual Studio 15
VisualStudioVersion = 15.0.27130.2010
MinimumVisualStudioVersion = 10.0.40219.1
Project("{9A19103F-16F7-4668-BE54-9A1E7A4F7556}") = "Day7Solution", "AdventOfCode2017\Day7Solution.csproj", "{5F85E9DB-1C84-4671-9877-499CFE38AF0F}"
EndProject
Project("{9A19103F-16F7-4668-BE54-9A1E7A4F7556}") = "Day8Solution", "Day8Solution\Day8Solution.csproj", "{88364C15-9483-4717-9C29-B562EFE5028C}"
EndProject
Project("{9A19103F-16F7-4668-BE54-9A1E7A4F7556}") = "Day9Solution", "Day9Solution\Day9Solution.csproj", "{5EE67367-4F41-4947-9C14-9E04DC190311}"
EndProject
Project("{9A19103F-16F7-4668-BE54-9A1E7A4F7556}") = "Day10Solution", "Day10Solution\Day10Solution.csproj", "{E88388F7-7377-412E-9F58-C6ED8972B761}"
EndProject
Project("{9A19103F-16F7-4668-BE54-9A1E7A4F7556}") = "Day11Solution", "Day11Solution\Day11Solution.csproj", "{AAD7AF0F-A12A-492B-AD1B-F886B0C37163}"
EndProject
Project("{9A19103F-16F7-4668-BE54-9A1E7A4F7556}") = "Day12Solution", "Day12Solution\Day12Solution.csproj", "{23A651BE-802F-4C43-81D4-2A24DFF039C5}"
EndProject
Project("{9092AA53-FB77-4645-B42D-1CCCA6BD08BD}") = "Day1Solution", "Day1Solution\Day1Solution.njsproj", "{C585FC6B-BD08-4642-80E1-6C29511E44F0}"
EndProject
Project("{9A19103F-16F7-4668-BE54-9A1E7A4F7556}") = "Day13Solution", "Day13Solution\Day13Solution.csproj", "{DAC4918C-A4A9-4A60-8FB6-102A9546EF71}"
EndProject
Project("{9A19103F-16F7-4668-BE54-9A1E7A4F7556}") = "Day2Solution", "Day2Solution\Day2Solution.csproj", "{9D074001-4485-42AF-8968-091C18AF5229}"
EndProject
Project("{9A19103F-16F7-4668-BE54-9A1E7A4F7556}") = "Day3Solution", "Day3Solution\Day3Solution.csproj", "{00B79251-ABC2-4338-B8AC-1DCC937A70B0}"
EndProject
Project("{FAE04EC0-301F-11D3-BF4B-00C04F79EFBC}") = "Day4Solution", "Day4Solution\Day4Solution.csproj", "{8D266487-5D2B-416B-84D7-D858B062CD81}"
EndProject
Global
	GlobalSection(SolutionConfigurationPlatforms) = preSolution
		Debug|Any CPU = Debug|Any CPU
		Release|Any CPU = Release|Any CPU
	EndGlobalSection
	GlobalSection(ProjectConfigurationPlatforms) = postSolution
		{5F85E9DB-1C84-4671-9877-499CFE38AF0F}.Debug|Any CPU.ActiveCfg = Debug|Any CPU
		{5F85E9DB-1C84-4671-9877-499CFE38AF0F}.Debug|Any CPU.Build.0 = Debug|Any CPU
		{5F85E9DB-1C84-4671-9877-499CFE38AF0F}.Release|Any CPU.ActiveCfg = Release|Any CPU
		{5F85E9DB-1C84-4671-9877-499CFE38AF0F}.Release|Any CPU.Build.0 = Release|Any CPU
		{88364C15-9483-4717-9C29-B562EFE5028C}.Debug|Any CPU.ActiveCfg = Debug|Any CPU
		{88364C15-9483-4717-9C29-B562EFE5028C}.Debug|Any CPU.Build.0 = Debug|Any CPU
		{88364C15-9483-4717-9C29-B562EFE5028C}.Release|Any CPU.ActiveCfg = Release|Any CPU
		{88364C15-9483-4717-9C29-B562EFE5028C}.Release|Any CPU.Build.0 = Release|Any CPU
		{5EE67367-4F41-4947-9C14-9E04DC190311}.Debug|Any CPU.ActiveCfg = Debug|Any CPU
		{5EE67367-4F41-4947-9C14-9E04DC190311}.Debug|Any CPU.Build.0 = Debug|Any CPU
		{5EE67367-4F41-4947-9C14-9E04DC190311}.Release|Any CPU.ActiveCfg = Release|Any CPU
		{5EE67367-4F41-4947-9C14-9E04DC190311}.Release|Any CPU.Build.0 = Release|Any CPU
		{E88388F7-7377-412E-9F58-C6ED8972B761}.Debug|Any CPU.ActiveCfg = Debug|Any CPU
		{E88388F7-7377-412E-9F58-C6ED8972B761}.Debug|Any CPU.Build.0 = Debug|Any CPU
		{E88388F7-7377-412E-9F58-C6ED8972B761}.Release|Any CPU.ActiveCfg = Release|Any CPU
		{E88388F7-7377-412E-9F58-C6ED8972B761}.Release|Any CPU.Build.0 = Release|Any CPU
		{AAD7AF0F-A12A-492B-AD1B-F886B0C37163}.Debug|Any CPU.ActiveCfg = Debug|Any CPU
		{AAD7AF0F-A12A-492B-AD1B-F886B0C37163}.Debug|Any CPU.Build.0 = Debug|Any CPU
		{AAD7AF0F-A12A-492B-AD1B-F886B0C37163}.Release|Any CPU.ActiveCfg = Release|Any CPU
		{AAD7AF0F-A12A-492B-AD1B-F886B0C37163}.Release|Any CPU.Build.0 = Release|Any CPU
		{23A651BE-802F-4C43-81D4-2A24DFF039C5}.Debug|Any CPU.ActiveCfg = Debug|Any CPU
		{23A651BE-802F-4C43-81D4-2A24DFF039C5}.Debug|Any CPU.Build.0 = Debug|Any CPU
		{23A651BE-802F-4C43-81D4-2A24DFF039C5}.Release|Any CPU.ActiveCfg = Release|Any CPU
		{23A651BE-802F-4C43-81D4-2A24DFF039C5}.Release|Any CPU.Build.0 = Release|Any CPU
		{C585FC6B-BD08-4642-80E1-6C29511E44F0}.Debug|Any CPU.ActiveCfg = Debug|Any CPU
		{C585FC6B-BD08-4642-80E1-6C29511E44F0}.Debug|Any CPU.Build.0 = Debug|Any CPU
		{C585FC6B-BD08-4642-80E1-6C29511E44F0}.Release|Any CPU.ActiveCfg = Release|Any CPU
		{C585FC6B-BD08-4642-80E1-6C29511E44F0}.Release|Any CPU.Build.0 = Release|Any CPU
		{DAC4918C-A4A9-4A60-8FB6-102A9546EF71}.Debug|Any CPU.ActiveCfg = Debug|Any CPU
		{DAC4918C-A4A9-4A60-8FB6-102A9546EF71}.Debug|Any CPU.Build.0 = Debug|Any CPU
		{DAC4918C-A4A9-4A60-8FB6-102A9546EF71}.Release|Any CPU.ActiveCfg = Release|Any CPU
		{DAC4918C-A4A9-4A60-8FB6-102A9546EF71}.Release|Any CPU.Build.0 = Release|Any CPU
		{9D074001-4485-42AF-8968-091C18AF5229}.Debug|Any CPU.ActiveCfg = Debug|Any CPU
		{9D074001-4485-42AF-8968-091C18AF5229}.Debug|Any CPU.Build.0 = Debug|Any CPU
		{9D074001-4485-42AF-8968-091C18AF5229}.Release|Any CPU.ActiveCfg = Release|Any CPU
		{9D074001-4485-42AF-8968-091C18AF5229}.Release|Any CPU.Build.0 = Release|Any CPU
		{00B79251-ABC2-4338-B8AC-1DCC937A70B0}.Debug|Any CPU.ActiveCfg = Debug|Any CPU
		{00B79251-ABC2-4338-B8AC-1DCC937A70B0}.Debug|Any CPU.Build.0 = Debug|Any CPU
		{00B79251-ABC2-4338-B8AC-1DCC937A70B0}.Release|Any CPU.ActiveCfg = Release|Any CPU
		{00B79251-ABC2-4338-B8AC-1DCC937A70B0}.Release|Any CPU.Build.0 = Release|Any CPU
		{8D266487-5D2B-416B-84D7-D858B062CD81}.Debug|Any CPU.ActiveCfg = Debug|Any CPU
		{8D266487-5D2B-416B-84D7-D858B062CD81}.Debug|Any CPU.Build.0 = Debug|Any CPU
		{8D266487-5D2B-416B-84D7-D858B062CD81}.Release|Any CPU.ActiveCfg = Release|Any CPU
		{8D266487-5D2B-416B-84D7-D858B062CD81}.Release|Any CPU.Build.0 = Release|Any CPU
	EndGlobalSection
	GlobalSection(SolutionProperties) = preSolution
		HideSolutionNode = FALSE
	EndGlobalSection
	GlobalSection(ExtensibilityGlobals) = postSolution
		SolutionGuid = {13C034C1-2AF3-4BAE-BEEF-BCA07C553A18}
	EndGlobalSection
EndGlobal
